
Microsoft Visual Studio Solution File, Format Version 12.00
# Visual Studio Version 17
VisualStudioVersion = 17.6.33723.286
MinimumVisualStudioVersion = 10.0.40219.1
Project("{FAE04EC0-301F-11D3-BF4B-00C04F79EFBC}") = "ZaloSDK", "ZaloSDK\ZaloSDK.csproj", "{7B64283D-50CF-4977-AB5F-0CF3E100F5DE}"
EndProject
Project("{FAE04EC0-301F-11D3-BF4B-00C04F79EFBC}") = "Zalo-Tool-V1", "Zalo-Tool-V1\Zalo-Tool-V1.csproj", "{30B4CB46-E363-4E24-99FF-40A143A64F06}"
EndProject
Global
	GlobalSection(SolutionConfigurationPlatforms) = preSolution
		Debug|Any CPU = Debug|Any CPU
		Release|Any CPU = Release|Any CPU
	EndGlobalSection
	GlobalSection(ProjectConfigurationPlatforms) = postSolution
		{7B64283D-50CF-4977-AB5F-0CF3E100F5DE}.Debug|Any CPU.ActiveCfg = Debug|Any CPU
		{7B64283D-50CF-4977-AB5F-0CF3E100F5DE}.Debug|Any CPU.Build.0 = Debug|Any CPU
		{7B64283D-50CF-4977-AB5F-0CF3E100F5DE}.Release|Any CPU.ActiveCfg = Release|Any CPU
		{7B64283D-50CF-4977-AB5F-0CF3E100F5DE}.Release|Any CPU.Build.0 = Release|Any CPU
		{30B4CB46-E363-4E24-99FF-40A143A64F06}.Debug|Any CPU.ActiveCfg = Debug|Any CPU
		{30B4CB46-E363-4E24-99FF-40A143A64F06}.Debug|Any CPU.Build.0 = Debug|Any CPU
		{30B4CB46-E363-4E24-99FF-40A143A64F06}.Release|Any CPU.ActiveCfg = Release|Any CPU
		{30B4CB46-E363-4E24-99FF-40A143A64F06}.Release|Any CPU.Build.0 = Release|Any CPU
	EndGlobalSection
	GlobalSection(SolutionProperties) = preSolution
		HideSolutionNode = FALSE
	EndGlobalSection
	GlobalSection(ExtensibilityGlobals) = postSolution
		SolutionGuid = {38935D82-B976-4340-B32E-5D0E9F1BEB61}
	EndGlobalSection
EndGlobal
